# This file is automatically @generated by Cargo.
# It is not intended for manual editing.
version = 4

[[package]]
name = "defity"
version = "0.7.0"
dependencies = [
 "pyo3",
 "tree_magic_db",
 "tree_magic_mini",
]

[[package]]
name = "equivalent"
version = "1.0.2"
source = "registry+https://github.com/rust-lang/crates.io-index"
checksum = "877a4ace8713b0bcf2a4e7eec82529c029f1d0619886d18145fea96c3ffe5c0f"

[[package]]
name = "fixedbitset"
version = "0.5.7"
source = "registry+https://github.com/rust-lang/crates.io-index"
checksum = "1d674e81391d1e1ab681a28d99df07927c6d4aa5b027d7da16ba32d1d21ecd99"

[[package]]
name = "foldhash"
version = "0.1.5"
source = "registry+https://github.com/rust-lang/crates.io-index"
checksum = "d9c4f5dac5e15c24eb999c26181a6ca40b39fe946cbe4c263c7209467bc83af2"

[[package]]
name = "hashbrown"
version = "0.15.5"
source = "registry+https://github.com/rust-lang/crates.io-index"
checksum = "9229cfe53dfd69f0609a49f65461bd93001ea1ef889cd5529dd176593f5338a1"
dependencies = [
 "foldhash",
]

[[package]]
name = "hashbrown"
version = "0.16.0"
source = "registry+https://github.com/rust-lang/crates.io-index"
checksum = "5419bdc4f6a9207fbeba6d11b604d481addf78ecd10c11ad51e76c2f6482748d"

[[package]]
name = "heck"
version = "0.5.0"
source = "registry+https://github.com/rust-lang/crates.io-index"
checksum = "2304e00983f87ffb38b55b444b5e3b60a884b5d30c0fca7d82fe33449bbe55ea"

[[package]]
name = "indexmap"
version = "2.11.4"
source = "registry+https://github.com/rust-lang/crates.io-index"
checksum = "4b0f83760fb341a774ed326568e19f5a863af4a952def8c39f9ab92fd95b88e5"
dependencies = [
 "equivalent",
 "hashbrown 0.16.0",
]

[[package]]
name = "libc"
version = "0.2.177"
source = "registry+https://github.com/rust-lang/crates.io-index"
checksum = "2874a2af47a2325c2001a6e6fad9b16a53b802102b528163885171cf92b15976"

[[package]]
name = "memchr"
version = "2.7.6"
source = "registry+https://github.com/rust-lang/crates.io-index"
checksum = "f52b00d39961fc5b2736ea853c9cc86238e165017a493d1d5c8eac6bdc4cc273"

[[package]]
name = "nom"
version = "8.0.0"
source = "registry+https://github.com/rust-lang/crates.io-index"
checksum = "df9761775871bdef83bee530e60050f7e54b1105350d6884eb0fb4f46c2f9405"
dependencies = [
 "memchr",
]

[[package]]
name = "once_cell"
version = "1.21.3"
source = "registry+https://github.com/rust-lang/crates.io-index"
checksum = "42f5e15c9953c5e4ccceeb2e7382a716482c34515315f7b03532b8b4e8393d2d"

[[package]]
name = "petgraph"
version = "0.8.3"
source = "registry+https://github.com/rust-lang/crates.io-index"
checksum = "8701b58ea97060d5e5b155d383a69952a60943f0e6dfe30b04c287beb0b27455"
dependencies = [
 "fixedbitset",
 "hashbrown 0.15.5",
 "indexmap",
]

[[package]]
name = "portable-atomic"
version = "1.11.1"
source = "registry+https://github.com/rust-lang/crates.io-index"
checksum = "f84267b20a16ea918e43c6a88433c2d54fa145c92a811b5b047ccbe153674483"

[[package]]
name = "proc-macro2"
version = "1.0.101"
source = "registry+https://github.com/rust-lang/crates.io-index"
checksum = "89ae43fd86e4158d6db51ad8e2b80f313af9cc74f5c0e03ccb87de09998732de"
dependencies = [
 "unicode-ident",
]

[[package]]
name = "pyo3"
version = "0.29.2"
source = "registry+https://github.com/rust-lang/crates.io-index"
checksum = "4688ddedf473e32662b9b067670129a8afb8c18e351482c70d62ba4a88171e8b"
dependencies = [
 "libc",
 "once_cell",
 "portable-atomic",
 "pyo3-build-config",
 "pyo3-ffi",
 "pyo3-macros",
]

[[package]]
name = "pyo3-build-config"
version = "0.29.2"
source = "registry+https://github.com/rust-lang/crates.io-index"
checksum = "f41027e41b4bd03f6e60f9f417fe24a6341a6bb744edd62b6f709f2a52ea30e9"
dependencies = [
 "target-lexicon",
]

[[package]]
name = "pyo3-ffi"
version = "0.29.2"
source = "registry+https://github.com/rust-lang/crates.io-index"
checksum = "e591a95526fead067432c3b3a33fc74770b87b1e04e73671090d9c2055a2b327"
dependencies = [
 "libc",
 "pyo3-build-config",
]

[[package]]
name = "pyo3-macros"
version = "0.29.2"
source = "registry+https://github.com/rust-lang/crates.io-index"
checksum = "73225868fc1cd84eef2c3c230ddb91273bf1de46aeb8a4248da76d32a0924a1c"
dependencies = [
 "proc-macro2",
 "pyo3-macros-backend",
 "quote",
 "syn",
]

[[package]]
name = "pyo3-macros-backend"
version = "0.29.2"
source = "registry+https://github.com/rust-lang/crates.io-index"
checksum = "571575aa3749fa6216757dd47d2a3e7ef360f329a40f0666a9fbd14889024952"
dependencies = [
 "heck",
 "proc-macro2",
 "quote",
 "syn",
]

[[package]]
name = "quote"
version = "1.0.41"
source = "registry+https://github.com/rust-lang/crates.io-index"
checksum = "ce25767e7b499d1b604768e7cde645d14cc8584231ea6b295e9c9eb22c02e1d1"
dependencies = [
 "proc-macro2",
]

[[package]]
name = "syn"
version = "2.0.106"
source = "registry+https://github.com/rust-lang/crates.io-index"
checksum = "ede7c438028d4436d71104916910f5bb611972c5cfd7f89b8300a8186e6fada6"
dependencies = [
 "proc-macro2",
 "quote",
 "unicode-ident",
]

[[package]]
name = "target-lexicon"
version = "0.13.3"
source = "registry+https://github.com/rust-lang/crates.io-index"
checksum = "df7f62577c25e07834649fc3b39fafdc597c0a3527dc1c60129201ccfcbaa50c"

[[package]]
name = "tree_magic_db"
version = "3.0.1"
source = "registry+https://github.com/rust-lang/crates.io-index"
checksum = "bd30f22e7532ed0d3d846e24841a132c8dcb779f5b497bda82d904aa04755375"

[[package]]
name = "tree_magic_mini"
version = "3.2.2"
source = "registry+https://github.com/rust-lang/crates.io-index"
checksum = "b8765b90061cba6c22b5831f675da109ae5561588290f9fa2317adab2714d5a6"
dependencies = [
 "memchr",
 "nom",
 "petgraph",
 "tree_magic_db",
]

[[package]]
name = "unicode-ident"
version = "1.0.19"
source = "registry+https://github.com/rust-lang/crates.io-index"
checksum = "f63a545481291138910575129486daeaf8ac54aee4387fe7906919f7830c7d9d"
